
Microsoft Visual Studio Solution File, Format Version 12.00
# Visual Studio Version 17
VisualStudioVersion = 17.2.32630.192
MinimumVisualStudioVersion = 10.0.40219.1
Project("{9A19103F-16F7-4668-BE54-9A1E7A4F7556}") = "Hackathon.WebClient", "Hackathon.WebClient\Hackathon.WebClient.csproj", "{C14D200B-810C-41C5-9CFE-D24E0932F9AB}"
EndProject
Project("{9A19103F-16F7-4668-BE54-9A1E7A4F7556}") = "Hackathon.Entities", "Hackathon.Entities\Hackathon.Entities.csproj", "{D53DE1DC-234A-4FCF-9B80-460E49FEBAB8}"
EndProject
Project("{9A19103F-16F7-4668-BE54-9A1E7A4F7556}") = "Hackathon.DAL", "Hackathon.DAL\Hackathon.DAL.csproj", "{E84216CB-05E1-475F-BDF6-46EFF149B2C7}"
EndProject
Project("{9A19103F-16F7-4668-BE54-9A1E7A4F7556}") = "Hackathon.BLL", "Hackathon.BLL\Hackathon.BLL.csproj", "{944835FA-8170-4877-9CC8-3CCC29DDB387}"
EndProject
Project("{9A19103F-16F7-4668-BE54-9A1E7A4F7556}") = "Hackathon.DTO", "Hackathon.DTO\Hackathon.DTO.csproj", "{52507AFA-EAC5-4424-B361-819F75AA9D16}"
EndProject
Global
	GlobalSection(SolutionConfigurationPlatforms) = preSolution
		Debug|Any CPU = Debug|Any CPU
		Release|Any CPU = Release|Any CPU
	EndGlobalSection
	GlobalSection(ProjectConfigurationPlatforms) = postSolution
		{C14D200B-810C-41C5-9CFE-D24E0932F9AB}.Debug|Any CPU.ActiveCfg = Debug|Any CPU
		{C14D200B-810C-41C5-9CFE-D24E0932F9AB}.Debug|Any CPU.Build.0 = Debug|Any CPU
		{C14D200B-810C-41C5-9CFE-D24E0932F9AB}.Release|Any CPU.ActiveCfg = Release|Any CPU
		{C14D200B-810C-41C5-9CFE-D24E0932F9AB}.Release|Any CPU.Build.0 = Release|Any CPU
		{D53DE1DC-234A-4FCF-9B80-460E49FEBAB8}.Debug|Any CPU.ActiveCfg = Debug|Any CPU
		{D53DE1DC-234A-4FCF-9B80-460E49FEBAB8}.Debug|Any CPU.Build.0 = Debug|Any CPU
		{D53DE1DC-234A-4FCF-9B80-460E49FEBAB8}.Release|Any CPU.ActiveCfg = Release|Any CPU
		{D53DE1DC-234A-4FCF-9B80-460E49FEBAB8}.Release|Any CPU.Build.0 = Release|Any CPU
		{E84216CB-05E1-475F-BDF6-46EFF149B2C7}.Debug|Any CPU.ActiveCfg = Debug|Any CPU
		{E84216CB-05E1-475F-BDF6-46EFF149B2C7}.Debug|Any CPU.Build.0 = Debug|Any CPU
		{E84216CB-05E1-475F-BDF6-46EFF149B2C7}.Release|Any CPU.ActiveCfg = Release|Any CPU
		{E84216CB-05E1-475F-BDF6-46EFF149B2C7}.Release|Any CPU.Build.0 = Release|Any CPU
		{944835FA-8170-4877-9CC8-3CCC29DDB387}.Debug|Any CPU.ActiveCfg = Debug|Any CPU
		{944835FA-8170-4877-9CC8-3CCC29DDB387}.Debug|Any CPU.Build.0 = Debug|Any CPU
		{944835FA-8170-4877-9CC8-3CCC29DDB387}.Release|Any CPU.ActiveCfg = Release|Any CPU
		{944835FA-8170-4877-9CC8-3CCC29DDB387}.Release|Any CPU.Build.0 = Release|Any CPU
		{52507AFA-EAC5-4424-B361-819F75AA9D16}.Debug|Any CPU.ActiveCfg = Debug|Any CPU
		{52507AFA-EAC5-4424-B361-819F75AA9D16}.Debug|Any CPU.Build.0 = Debug|Any CPU
		{52507AFA-EAC5-4424-B361-819F75AA9D16}.Release|Any CPU.ActiveCfg = Release|Any CPU
		{52507AFA-EAC5-4424-B361-819F75AA9D16}.Release|Any CPU.Build.0 = Release|Any CPU
	EndGlobalSection
	GlobalSection(SolutionProperties) = preSolution
		HideSolutionNode = FALSE
	EndGlobalSection
	GlobalSection(ExtensibilityGlobals) = postSolution
		SolutionGuid = {B0A50B78-8871-4A93-B7FA-BA58CB79ADB2}
	EndGlobalSection
EndGlobal
